
Microsoft Visual Studio Solution File, Format Version 12.00
Project("{FAE04EC0-301F-11D3-BF4B-00C04F79EFBC}") = "PickerLocalizationIssue", "PickerLocalizationIssue\PickerLocalizationIssue.csproj", "{0540E261-AF32-42E9-8CE4-7C9D3298FA6F}"
EndProject
Global
	GlobalSection(SolutionConfigurationPlatforms) = preSolution
		Debug|Any CPU = Debug|Any CPU
		Release|Any CPU = Release|Any CPU
	EndGlobalSection
	GlobalSection(ProjectConfigurationPlatforms) = postSolution
		{0540E261-AF32-42E9-8CE4-7C9D3298FA6F}.Debug|Any CPU.ActiveCfg = Debug|Any CPU
		{0540E261-AF32-42E9-8CE4-7C9D3298FA6F}.Debug|Any CPU.Build.0 = Debug|Any CPU
		{0540E261-AF32-42E9-8CE4-7C9D3298FA6F}.Release|Any CPU.ActiveCfg = Release|Any CPU
		{0540E261-AF32-42E9-8CE4-7C9D3298FA6F}.Release|Any CPU.Build.0 = Release|Any CPU
	EndGlobalSection
EndGlobal
